Microsoft Visual Studio Solution File, Format Version 12.00
Project("f1c3a2f5-8a5d-42ce-958f-02334aefa9a5") = "GaugeCsharpSelenium", "GaugeCsharpSelenium.csproj", "215542e0-c996-4aa2-a633-672af77a08b2"
EndProject
Global
	GlobalSection(SolutionConfigurationPlatforms) = preSolution
		Debug|Any CPU = Debug|Any CPU
		Release|Any CPU = Release|Any CPU
	EndGlobalSection
	GlobalSection(ProjectConfigurationPlatforms) = postSolution
		215542e0-c996-4aa2-a633-672af77a08b2.Debug|Any CPU.ActiveCfg = Debug|Any CPU
		215542e0-c996-4aa2-a633-672af77a08b2.Debug|Any CPU.Build.0 = Debug|Any CPU
		215542e0-c996-4aa2-a633-672af77a08b2.Release|Any CPU.ActiveCfg = Release|Any CPU
		215542e0-c996-4aa2-a633-672af77a08b2.Release|Any CPU.Build.0 = Release|Any CPU
	EndGlobalSection
	GlobalSection(SolutionProperties) = preSolution
		HideSolutionNode = FALSE
	EndGlobalSection
EndGlobal